
Microsoft Visual Studio Solution File, Format Version 12.00
# Visual Studio Version 17
VisualStudioVersion = 17.0.32112.339
MinimumVisualStudioVersion = 10.0.40219.1
Project("{2150E333-8FDC-42A3-9474-1A3956D46DE8}") = "src", "src", "{99F6E5FA-07DC-4B22-8BFC-91EF8F82E427}"
EndProject
Project("{2150E333-8FDC-42A3-9474-1A3956D46DE8}") = "tests", "tests", "{E2DEB2A9-1536-4C2C-9359-5C68A52A9254}"
EndProject
Project("{9A19103F-16F7-4668-BE54-9A1E7A4F7556}") = "TopicPublisher", "src\TopicPublisher\TopicPublisher.csproj", "{78C8CE68-A757-4371-8758-82E553688E08}"
EndProject
Project("{9A19103F-16F7-4668-BE54-9A1E7A4F7556}") = "TopicSubscriberOne", "src\TopicSubscriberOne\TopicSubscriberOne.csproj", "{F867EF17-CD35-49F6-8003-4C062C67F695}"
EndProject
Project("{FAE04EC0-301F-11D3-BF4B-00C04F79EFBC}") = "TopicSubscriberTwo", "src\TopicSubscriberTwo\TopicSubscriberTwo.csproj", "{397A5883-EABC-4A2A-8C79-949D12727AD8}"
EndProject
Project("{FAE04EC0-301F-11D3-BF4B-00C04F79EFBC}") = "SharedModels", "src\SharedModels\SharedModels.csproj", "{D4249ABF-5254-4496-A8B2-190F8D5FD86B}"
EndProject
Global
	GlobalSection(SolutionConfigurationPlatforms) = preSolution
		Debug|Any CPU = Debug|Any CPU
		Release|Any CPU = Release|Any CPU
	EndGlobalSection
	GlobalSection(ProjectConfigurationPlatforms) = postSolution
		{78C8CE68-A757-4371-8758-82E553688E08}.Debug|Any CPU.ActiveCfg = Debug|Any CPU
		{78C8CE68-A757-4371-8758-82E553688E08}.Debug|Any CPU.Build.0 = Debug|Any CPU
		{78C8CE68-A757-4371-8758-82E553688E08}.Release|Any CPU.ActiveCfg = Release|Any CPU
		{78C8CE68-A757-4371-8758-82E553688E08}.Release|Any CPU.Build.0 = Release|Any CPU
		{F867EF17-CD35-49F6-8003-4C062C67F695}.Debug|Any CPU.ActiveCfg = Debug|Any CPU
		{F867EF17-CD35-49F6-8003-4C062C67F695}.Debug|Any CPU.Build.0 = Debug|Any CPU
		{F867EF17-CD35-49F6-8003-4C062C67F695}.Release|Any CPU.ActiveCfg = Release|Any CPU
		{F867EF17-CD35-49F6-8003-4C062C67F695}.Release|Any CPU.Build.0 = Release|Any CPU
		{397A5883-EABC-4A2A-8C79-949D12727AD8}.Debug|Any CPU.ActiveCfg = Debug|Any CPU
		{397A5883-EABC-4A2A-8C79-949D12727AD8}.Debug|Any CPU.Build.0 = Debug|Any CPU
		{397A5883-EABC-4A2A-8C79-949D12727AD8}.Release|Any CPU.ActiveCfg = Release|Any CPU
		{397A5883-EABC-4A2A-8C79-949D12727AD8}.Release|Any CPU.Build.0 = Release|Any CPU
		{D4249ABF-5254-4496-A8B2-190F8D5FD86B}.Debug|Any CPU.ActiveCfg = Debug|Any CPU
		{D4249ABF-5254-4496-A8B2-190F8D5FD86B}.Debug|Any CPU.Build.0 = Debug|Any CPU
		{D4249ABF-5254-4496-A8B2-190F8D5FD86B}.Release|Any CPU.ActiveCfg = Release|Any CPU
		{D4249ABF-5254-4496-A8B2-190F8D5FD86B}.Release|Any CPU.Build.0 = Release|Any CPU
	EndGlobalSection
	GlobalSection(SolutionProperties) = preSolution
		HideSolutionNode = FALSE
	EndGlobalSection
	GlobalSection(NestedProjects) = preSolution
		{78C8CE68-A757-4371-8758-82E553688E08} = {99F6E5FA-07DC-4B22-8BFC-91EF8F82E427}
		{F867EF17-CD35-49F6-8003-4C062C67F695} = {99F6E5FA-07DC-4B22-8BFC-91EF8F82E427}
		{397A5883-EABC-4A2A-8C79-949D12727AD8} = {99F6E5FA-07DC-4B22-8BFC-91EF8F82E427}
		{D4249ABF-5254-4496-A8B2-190F8D5FD86B} = {99F6E5FA-07DC-4B22-8BFC-91EF8F82E427}
	EndGlobalSection
	GlobalSection(ExtensibilityGlobals) = postSolution
		SolutionGuid = {3ED5B562-0AE8-4593-A6F9-323E5E2D8151}
	EndGlobalSection
EndGlobal
